// !$*UTF8*$!
{
	archiveVersion = 1;
	classes = {
	};
	objectVersion = 46;
	objects = {

/* Begin PBXBuildFile section */
		4DA12BEB172E0C9A004A1114 /* UIKit.framework in Frameworks */ = {isa = PBXBuildFile; fileRef = 4DA12BEA172E0C9A004A1114 /* UIKit.framework */; };
		4DA12BED172E0C9A004A1114 /* Foundation.framework in Frameworks */ = {isa = PBXBuildFile; fileRef = 4DA12BEC172E0C9A004A1114 /* Foundation.framework */; };
		4DA12BEF172E0C9A004A1114 /* CoreGraphics.framework in Frameworks */ = {isa = PBXBuildFile; fileRef = 4DA12BEE172E0C9A004A1114 /* CoreGraphics.framework */; };
		4DA12BF5172E0C9A004A1114 /* InfoPlist.strings in Resources */ = {isa = PBXBuildFile; fileRef = 4DA12BF3172E0C9A004A1114 /* InfoPlist.strings */; };
		4DA12BF7172E0C9A004A1114 /* main.m in Sources */ = {isa = PBXBuildFile; fileRef = 4DA12BF6172E0C9A004A1114 /* main.m */; };
		4DA12BFB172E0C9A004A1114 /* AppDelegate.m in Sources */ = {isa = PBXBuildFile; fileRef = 4DA12BFA172E0C9A004A1114 /* AppDelegate.m */; };
		4DA12BFD172E0C9A004A1114 /* Default.png in Resources */ = {isa = PBXBuildFile; fileRef = 4DA12BFC172E0C9A004A1114 /* Default.png */; };
		4DA12BFF172E0C9A004A1114 /* Default@2x.png in Resources */ = {isa = PBXBuildFile; fileRef = 4DA12BFE172E0C9A004A1114 /* Default@2x.png */; };
		4DA12C01172E0C9A004A1114 /* Default-568h@2x.png in Resources */ = {isa = PBXBuildFile; fileRef = 4DA12C00172E0C9A004A1114 /* Default-568h@2x.png */; };
		4DA12C04172E0C9A004A1114 /* MainStoryboard.storyboard in Resources */ = {isa = PBXBuildFile; fileRef = 4DA12C02172E0C9A004A1114 /* MainStoryboard.storyboard */; };
		4DA12C07172E0C9A004A1114 /* ViewController.m in Sources */ = {isa = PBXBuildFile; fileRef = 4DA12C06172E0C9A004A1114 /* ViewController.m */; };
		4DA12C0F172E0C9B004A1114 /* SenTestingKit.framework in Frameworks */ = {isa = PBXBuildFile; fileRef = 4DA12C0E172E0C9A004A1114 /* SenTestingKit.framework */; };
		4DA12C10172E0C9B004A1114 /* UIKit.framework in Frameworks */ = {isa = PBXBuildFile; fileRef = 4DA12BEA172E0C9A004A1114 /* UIKit.framework */; };
		4DA12C11172E0C9B004A1114 /* Foundation.framework in Frameworks */ = {isa = PBXBuildFile; fileRef = 4DA12BEC172E0C9A004A1114 /* Foundation.framework */; };
		4DA12C19172E0C9B004A1114 /* InfoPlist.strings in Resources */ = {isa = PBXBuildFile; fileRef = 4DA12C17172E0C9B004A1114 /* InfoPlist.strings */; };
		4DA12C1C172E0C9B004A1114 /* ScheduleConciergeTests.m in Sources */ = {isa = PBXBuildFile; fileRef = 4DA12C1B172E0C9B004A1114 /* ScheduleConciergeTests.m */; };
		4DA12C33172E1098004A1114 /* FMDatabase.m in Sources */ = {isa = PBXBuildFile; fileRef = 4DA12C27172E1098004A1114 /* FMDatabase.m */; };
		4DA12C34172E1098004A1114 /* FMDatabase.m in Sources */ = {isa = PBXBuildFile; fileRef = 4DA12C27172E1098004A1114 /* FMDatabase.m */; };
		4DA12C35172E1098004A1114 /* FMDatabaseAdditions.m in Sources */ = {isa = PBXBuildFile; fileRef = 4DA12C29172E1098004A1114 /* FMDatabaseAdditions.m */; };
		4DA12C36172E1098004A1114 /* FMDatabaseAdditions.m in Sources */ = {isa = PBXBuildFile; fileRef = 4DA12C29172E1098004A1114 /* FMDatabaseAdditions.m */; };
		4DA12C37172E1098004A1114 /* FMDatabasePool.m in Sources */ = {isa = PBXBuildFile; fileRef = 4DA12C2B172E1098004A1114 /* FMDatabasePool.m */; };
		4DA12C38172E1098004A1114 /* FMDatabasePool.m in Sources */ = {isa = PBXBuildFile; fileRef = 4DA12C2B172E1098004A1114 /* FMDatabasePool.m */; };
		4DA12C39172E1098004A1114 /* FMDatabaseQueue.m in Sources */ = {isa = PBXBuildFile; fileRef = 4DA12C2D172E1098004A1114 /* FMDatabaseQueue.m */; };
		4DA12C3A172E1098004A1114 /* FMDatabaseQueue.m in Sources */ = {isa = PBXBuildFile; fileRef = 4DA12C2D172E1098004A1114 /* FMDatabaseQueue.m */; };
		4DA12C3B172E1098004A1114 /* FMResultSet.m in Sources */ = {isa = PBXBuildFile; fileRef = 4DA12C2F172E1098004A1114 /* FMResultSet.m */; };
		4DA12C3C172E1098004A1114 /* FMResultSet.m in Sources */ = {isa = PBXBuildFile; fileRef = 4DA12C2F172E1098004A1114 /* FMResultSet.m */; };
		4DA12C3D172E1098004A1114 /* README in Resources */ = {isa = PBXBuildFile; fileRef = 4DA12C30172E1098004A1114 /* README */; };
		4DA12C3E172E1098004A1114 /* README in Resources */ = {isa = PBXBuildFile; fileRef = 4DA12C30172E1098004A1114 /* README */; };
		4DA12C3F172E1098004A1114 /* SimpleDBManager.m in Sources */ = {isa = PBXBuildFile; fileRef = 4DA12C32172E1098004A1114 /* SimpleDBManager.m */; };
		4DA12C40172E1098004A1114 /* SimpleDBManager.m in Sources */ = {isa = PBXBuildFile; fileRef = 4DA12C32172E1098004A1114 /* SimpleDBManager.m */; };
		4DA12C44172E10C8004A1114 /* FileUtil.m in Sources */ = {isa = PBXBuildFile; fileRef = 4DA12C43172E10C8004A1114 /* FileUtil.m */; };
		4DA12C45172E10C8004A1114 /* FileUtil.m in Sources */ = {isa = PBXBuildFile; fileRef = 4DA12C43172E10C8004A1114 /* FileUtil.m */; };
		4DA12C4D172E10EF004A1114 /* UserSettingUtil.m in Sources */ = {isa = PBXBuildFile; fileRef = 4DA12C4A172E10EF004A1114 /* UserSettingUtil.m */; };
		4DA12C4E172E10EF004A1114 /* UserSettingUtil.m in Sources */ = {isa = PBXBuildFile; fileRef = 4DA12C4A172E10EF004A1114 /* UserSettingUtil.m */; };
		4DA12C5A172E116B004A1114 /* NSString+Validate.m in Sources */ = {isa = PBXBuildFile; fileRef = 4DA12C59172E116B004A1114 /* NSString+Validate.m */; };
		4DA12C5B172E116B004A1114 /* NSString+Validate.m in Sources */ = {isa = PBXBuildFile; fileRef = 4DA12C59172E116B004A1114 /* NSString+Validate.m */; };
		4DA12C61172E124E004A1114 /* MIT-LICENSE in Resources */ = {isa = PBXBuildFile; fileRef = 4DA12C5D172E124E004A1114 /* MIT-LICENSE */; };
		4DA12C62172E124E004A1114 /* MIT-LICENSE in Resources */ = {isa = PBXBuildFile; fileRef = 4DA12C5D172E124E004A1114 /* MIT-LICENSE */; };
		4DA12C63172E124E004A1114 /* ReadMe in Resources */ = {isa = PBXBuildFile; fileRef = 4DA12C5E172E124E004A1114 /* ReadMe */; };
		4DA12C64172E124E004A1114 /* ReadMe in Resources */ = {isa = PBXBuildFile; fileRef = 4DA12C5E172E124E004A1114 /* ReadMe */; };
		4DA12C65172E124E004A1114 /* SFHFKeychainUtils.m in Sources */ = {isa = PBXBuildFile; fileRef = 4DA12C60172E124E004A1114 /* SFHFKeychainUtils.m */; };
		4DA12C66172E124E004A1114 /* SFHFKeychainUtils.m in Sources */ = {isa = PBXBuildFile; fileRef = 4DA12C60172E124E004A1114 /* SFHFKeychainUtils.m */; };
		4DA12C6B172E1386004A1114 /* README in Resources */ = {isa = PBXBuildFile; fileRef = 4DA12C68172E1386004A1114 /* README */; };
		4DA12C6C172E1386004A1114 /* README in Resources */ = {isa = PBXBuildFile; fileRef = 4DA12C68172E1386004A1114 /* README */; };
		4DA12C6D172E1386004A1114 /* RegexKitLite.m in Sources */ = {isa = PBXBuildFile; fileRef = 4DA12C6A172E1386004A1114 /* RegexKitLite.m */; settings = {COMPILER_FLAGS = "-fno-objc-arc"; }; };
		4DA12C6E172E1386004A1114 /* RegexKitLite.m in Sources */ = {isa = PBXBuildFile; fileRef = 4DA12C6A172E1386004A1114 /* RegexKitLite.m */; settings = {COMPILER_FLAGS = "-fno-objc-arc"; }; };
		4DA12C70172E14EF004A1114 /* Security.framework in Frameworks */ = {isa = PBXBuildFile; fileRef = 4DA12C6F172E14EF004A1114 /* Security.framework */; };
		4DA12C72172E14FD004A1114 /* SystemConfiguration.framework in Frameworks */ = {isa = PBXBuildFile; fileRef = 4DA12C71172E14FD004A1114 /* SystemConfiguration.framework */; };
		4DA12C74172E1528004A1114 /* libsqlite3.0.dylib in Frameworks */ = {isa = PBXBuildFile; fileRef = 4DA12C73172E1528004A1114 /* libsqlite3.0.dylib */; };
		4DA12C78172EC2E7004A1114 /* schedule.sqlite in Resources */ = {isa = PBXBuildFile; fileRef = 4DA12C77172EC2E7004A1114 /* schedule.sqlite */; };
		4DA12C79172EC2E7004A1114 /* schedule.sqlite in Resources */ = {isa = PBXBuildFile; fileRef = 4DA12C77172EC2E7004A1114 /* schedule.sqlite */; };
		4DA12C7C172EC3E8004A1114 /* scheduleDBSetup.txt in Resources */ = {isa = PBXBuildFile; fileRef = 4DA12C7B172EC3E8004A1114 /* scheduleDBSetup.txt */; };
		4DA12C7D172EC3E8004A1114 /* scheduleDBSetup.txt in Resources */ = {isa = PBXBuildFile; fileRef = 4DA12C7B172EC3E8004A1114 /* scheduleDBSetup.txt */; };
		4DA7B526172FCDC9004BAFED /* UIStickyView.m in Sources */ = {isa = PBXBuildFile; fileRef = 4DA7B525172FCDC9004BAFED /* UIStickyView.m */; };
		4DA7B52A172FD659004BAFED /* SimpleDBManagerTest.m in Sources */ = {isa = PBXBuildFile; fileRef = 4DA7B529172FD659004BAFED /* SimpleDBManagerTest.m */; };
		4DA7B52B172FE8D7004BAFED /* libsqlite3.0.dylib in Frameworks */ = {isa = PBXBuildFile; fileRef = 4DA12C73172E1528004A1114 /* libsqlite3.0.dylib */; };
		4DA7B52C172FE8E6004BAFED /* Security.framework in Frameworks */ = {isa = PBXBuildFile; fileRef = 4DA12C6F172E14EF004A1114 /* Security.framework */; };
		4DA7B52D172FE8EE004BAFED /* SystemConfiguration.framework in Frameworks */ = {isa = PBXBuildFile; fileRef = 4DA12C71172E14FD004A1114 /* SystemConfiguration.framework */; };
		4DA7B532172FFB0F004BAFED /* UIStickyViewController.m in Sources */ = {isa = PBXBuildFile; fileRef = 4DA7B530172FFB0F004BAFED /* UIStickyViewController.m */; };
		4DA7B533172FFB0F004BAFED /* UIStickyViewController.xib in Resources */ = {isa = PBXBuildFile; fileRef = 4DA7B531172FFB0F004BAFED /* UIStickyViewController.xib */; };
		4DA7B53517301064004BAFED /* QuartzCore.framework in Frameworks */ = {isa = PBXBuildFile; fileRef = 4DA7B53417301064004BAFED /* QuartzCore.framework */; };
/* End PBXBuildFile section */

/* Begin PBXContainerItemProxy section */
		4DA12C12172E0C9B004A1114 /* PBXContainerItemProxy */ = {
			isa = PBXContainerItemProxy;
			containerPortal = 4DA12BDF172E0C9A004A1114 /* Project object */;
			proxyType = 1;
			remoteGlobalIDString = 4DA12BE6172E0C9A004A1114;
			remoteInfo = ScheduleConcierge;
		};
/* End PBXContainerItemProxy section */

/* Begin PBXFileReference section */
		4DA12BE7172E0C9A004A1114 /* ScheduleConcierge.app */ = {isa = PBXFileReference; explicitFileType = wrapper.application; includeInIndex = 0; path = ScheduleConcierge.app; sourceTree = BUILT_PRODUCTS_DIR; };
		4DA12BEA172E0C9A004A1114 /* UIKit.framework */ = {isa = PBXFileReference; lastKnownFileType = wrapper.framework; name = UIKit.framework; path = System/Library/Frameworks/UIKit.framework; sourceTree = SDKROOT; };
		4DA12BEC172E0C9A004A1114 /* Foundation.framework */ = {isa = PBXFileReference; lastKnownFileType = wrapper.framework; name = Foundation.framework; path = System/Library/Frameworks/Foundation.framework; sourceTree = SDKROOT; };
		4DA12BEE172E0C9A004A1114 /* CoreGraphics.framework */ = {isa = PBXFileReference; lastKnownFileType = wrapper.framework; name = CoreGraphics.framework; path = System/Library/Frameworks/CoreGraphics.framework; sourceTree = SDKROOT; };
		4DA12BF2172E0C9A004A1114 /* ScheduleConcierge-Info.plist */ = {isa = PBXFileReference; lastKnownFileType = text.plist.xml; path = "ScheduleConcierge-Info.plist"; sourceTree = "<group>"; };
		4DA12BF4172E0C9A004A1114 /* en */ = {isa = PBXFileReference; lastKnownFileType = text.plist.strings; name = en; path = en.lproj/InfoPlist.strings; sourceTree = "<group>"; };
		4DA12BF6172E0C9A004A1114 /* main.m */ = {isa = PBXFileReference; lastKnownFileType = sourcecode.c.objc; path = main.m; sourceTree = "<group>"; };
		4DA12BF8172E0C9A004A1114 /* ScheduleConcierge-Prefix.pch */ = {isa = PBXFileReference; lastKnownFileType = sourcecode.c.h; path = "ScheduleConcierge-Prefix.pch"; sourceTree = "<group>"; };
		4DA12BF9172E0C9A004A1114 /* AppDelegate.h */ = {isa = PBXFileReference; lastKnownFileType = sourcecode.c.h; path = AppDelegate.h; sourceTree = "<group>"; };
		4DA12BFA172E0C9A004A1114 /* AppDelegate.m */ = {isa = PBXFileReference; lastKnownFileType = sourcecode.c.objc; path = AppDelegate.m; sourceTree = "<group>"; };
		4DA12BFC172E0C9A004A1114 /* Default.png */ = {isa = PBXFileReference; lastKnownFileType = image.png; path = Default.png; sourceTree = "<group>"; };
		4DA12BFE172E0C9A004A1114 /* Default@2x.png */ = {isa = PBXFileReference; lastKnownFileType = image.png; path = "Default@2x.png"; sourceTree = "<group>"; };
		4DA12C00172E0C9A004A1114 /* Default-568h@2x.png */ = {isa = PBXFileReference; lastKnownFileType = image.png; path = "Default-568h@2x.png"; sourceTree = "<group>"; };
		4DA12C03172E0C9A004A1114 /* en */ = {isa = PBXFileReference; lastKnownFileType = file.storyboard; name = en; path = en.lproj/MainStoryboard.storyboard; sourceTree = "<group>"; };
		4DA12C05172E0C9A004A1114 /* ViewController.h */ = {isa = PBXFileReference; lastKnownFileType = sourcecode.c.h; path = ViewController.h; sourceTree = "<group>"; };
		4DA12C06172E0C9A004A1114 /* ViewController.m */ = {isa = PBXFileReference; lastKnownFileType = sourcecode.c.objc; path = ViewController.m; sourceTree = "<group>"; };
		4DA12C0D172E0C9A004A1114 /* ScheduleConciergeTests.octest */ = {isa = PBXFileReference; explicitFileType = wrapper.cfbundle; includeInIndex = 0; path = ScheduleConciergeTests.octest; sourceTree = BUILT_PRODUCTS_DIR; };
		4DA12C0E172E0C9A004A1114 /* SenTestingKit.framework */ = {isa = PBXFileReference; lastKnownFileType = wrapper.framework; name = SenTestingKit.framework; path = Library/Frameworks/SenTestingKit.framework; sourceTree = DEVELOPER_DIR; };
		4DA12C16172E0C9B004A1114 /* ScheduleConciergeTests-Info.plist */ = {isa = PBXFileReference; lastKnownFileType = text.plist.xml; path = "ScheduleConciergeTests-Info.plist"; sourceTree = "<group>"; };
		4DA12C18172E0C9B004A1114 /* en */ = {isa = PBXFileReference; lastKnownFileType = text.plist.strings; name = en; path = en.lproj/InfoPlist.strings; sourceTree = "<group>"; };
		4DA12C1A172E0C9B004A1114 /* ScheduleConciergeTests.h */ = {isa = PBXFileReference; lastKnownFileType = sourcecode.c.h; path = ScheduleConciergeTests.h; sourceTree = "<group>"; };
		4DA12C1B172E0C9B004A1114 /* ScheduleConciergeTests.m */ = {isa = PBXFileReference; lastKnownFileType = sourcecode.c.objc; path = ScheduleConciergeTests.m; sourceTree = "<group>"; };
		4DA12C26172E1098004A1114 /* FMDatabase.h */ = {isa = PBXFileReference; fileEncoding = 4; lastKnownFileType = sourcecode.c.h; path = FMDatabase.h; sourceTree = "<group>"; };
		4DA12C27172E1098004A1114 /* FMDatabase.m */ = {isa = PBXFileReference; fileEncoding = 4; lastKnownFileType = sourcecode.c.objc; path = FMDatabase.m; sourceTree = "<group>"; };
		4DA12C28172E1098004A1114 /* FMDatabaseAdditions.h */ = {isa = PBXFileReference; fileEncoding = 4; lastKnownFileType = sourcecode.c.h; path = FMDatabaseAdditions.h; sourceTree = "<group>"; };
		4DA12C29172E1098004A1114 /* FMDatabaseAdditions.m */ = {isa = PBXFileReference; fileEncoding = 4; lastKnownFileType = sourcecode.c.objc; path = FMDatabaseAdditions.m; sourceTree = "<group>"; };
		4DA12C2A172E1098004A1114 /* FMDatabasePool.h */ = {isa = PBXFileReference; fileEncoding = 4; lastKnownFileType = sourcecode.c.h; path = FMDatabasePool.h; sourceTree = "<group>"; };
		4DA12C2B172E1098004A1114 /* FMDatabasePool.m */ = {isa = PBXFileReference; fileEncoding = 4; lastKnownFileType = sourcecode.c.objc; path = FMDatabasePool.m; sourceTree = "<group>"; };
		4DA12C2C172E1098004A1114 /* FMDatabaseQueue.h */ = {isa = PBXFileReference; fileEncoding = 4; lastKnownFileType = sourcecode.c.h; path = FMDatabaseQueue.h; sourceTree = "<group>"; };
		4DA12C2D172E1098004A1114 /* FMDatabaseQueue.m */ = {isa = PBXFileReference; fileEncoding = 4; lastKnownFileType = sourcecode.c.objc; path = FMDatabaseQueue.m; sourceTree = "<group>"; };
		4DA12C2E172E1098004A1114 /* FMResultSet.h */ = {isa = PBXFileReference; fileEncoding = 4; lastKnownFileType = sourcecode.c.h; path = FMResultSet.h; sourceTree = "<group>"; };
		4DA12C2F172E1098004A1114 /* FMResultSet.m */ = {isa = PBXFileReference; fileEncoding = 4; lastKnownFileType = sourcecode.c.objc; path = FMResultSet.m; sourceTree = "<group>"; };
		4DA12C30172E1098004A1114 /* README */ = {isa = PBXFileReference; fileEncoding = 4; lastKnownFileType = text; path = README; sourceTree = "<group>"; };
		4DA12C31172E1098004A1114 /* SimpleDBManager.h */ = {isa = PBXFileReference; fileEncoding = 4; lastKnownFileType = sourcecode.c.h; path = SimpleDBManager.h; sourceTree = "<group>"; };
		4DA12C32172E1098004A1114 /* SimpleDBManager.m */ = {isa = PBXFileReference; fileEncoding = 4; lastKnownFileType = sourcecode.c.objc; path = SimpleDBManager.m; sourceTree = "<group>"; };
		4DA12C42172E10C8004A1114 /* FileUtil.h */ = {isa = PBXFileReference; fileEncoding = 4; lastKnownFileType = sourcecode.c.h; path = FileUtil.h; sourceTree = "<group>"; };
		4DA12C43172E10C8004A1114 /* FileUtil.m */ = {isa = PBXFileReference; fileEncoding = 4; lastKnownFileType = sourcecode.c.objc; path = FileUtil.m; sourceTree = "<group>"; };
		4DA12C49172E10EF004A1114 /* UserSettingUtil.h */ = {isa = PBXFileReference; fileEncoding = 4; lastKnownFileType = sourcecode.c.h; path = UserSettingUtil.h; sourceTree = "<group>"; };
		4DA12C4A172E10EF004A1114 /* UserSettingUtil.m */ = {isa = PBXFileReference; fileEncoding = 4; lastKnownFileType = sourcecode.c.objc; path = UserSettingUtil.m; sourceTree = "<group>"; };
		4DA12C58172E116B004A1114 /* NSString+Validate.h */ = {isa = PBXFileReference; fileEncoding = 4; lastKnownFileType = sourcecode.c.h; path = "NSString+Validate.h"; sourceTree = "<group>"; };
		4DA12C59172E116B004A1114 /* NSString+Validate.m */ = {isa = PBXFileReference; fileEncoding = 4; lastKnownFileType = sourcecode.c.objc; path = "NSString+Validate.m"; sourceTree = "<group>"; };
		4DA12C5D172E124E004A1114 /* MIT-LICENSE */ = {isa = PBXFileReference; fileEncoding = 4; lastKnownFileType = text; path = "MIT-LICENSE"; sourceTree = "<group>"; };
		4DA12C5E172E124E004A1114 /* ReadMe */ = {isa = PBXFileReference; fileEncoding = 4; lastKnownFileType = text; path = ReadMe; sourceTree = "<group>"; };
		4DA12C5F172E124E004A1114 /* SFHFKeychainUtils.h */ = {isa = PBXFileReference; fileEncoding = 4; lastKnownFileType = sourcecode.c.h; path = SFHFKeychainUtils.h; sourceTree = "<group>"; };
		4DA12C60172E124E004A1114 /* SFHFKeychainUtils.m */ = {isa = PBXFileReference; fileEncoding = 4; lastKnownFileType = sourcecode.c.objc; path = SFHFKeychainUtils.m; sourceTree = "<group>"; };
		4DA12C68172E1386004A1114 /* README */ = {isa = PBXFileReference; fileEncoding = 4; lastKnownFileType = text; path = README; sourceTree = "<group>"; };
		4DA12C69172E1386004A1114 /* RegexKitLite.h */ = {isa = PBXFileReference; fileEncoding = 4; lastKnownFileType = sourcecode.c.h; path = RegexKitLite.h; sourceTree = "<group>"; };
		4DA12C6A172E1386004A1114 /* RegexKitLite.m */ = {isa = PBXFileReference; fileEncoding = 4; lastKnownFileType = sourcecode.c.objc; path = RegexKitLite.m; sourceTree = "<group>"; };
		4DA12C6F172E14EF004A1114 /* Security.framework */ = {isa = PBXFileReference; lastKnownFileType = wrapper.framework; name = Security.framework; path = System/Library/Frameworks/Security.framework; sourceTree = SDKROOT; };
		4DA12C71172E14FD004A1114 /* SystemConfiguration.framework */ = {isa = PBXFileReference; lastKnownFileType = wrapper.framework; name = SystemConfiguration.framework; path = System/Library/Frameworks/SystemConfiguration.framework; sourceTree = SDKROOT; };
		4DA12C73172E1528004A1114 /* libsqlite3.0.dylib */ = {isa = PBXFileReference; lastKnownFileType = "compiled.mach-o.dylib"; name = libsqlite3.0.dylib; path = usr/lib/libsqlite3.0.dylib; sourceTree = SDKROOT; };
		4DA12C77172EC2E7004A1114 /* schedule.sqlite */ = {isa = PBXFileReference; lastKnownFileType = file; path = schedule.sqlite; sourceTree = "<group>"; };
		4DA12C7B172EC3E8004A1114 /* scheduleDBSetup.txt */ = {isa = PBXFileReference; fileEncoding = 4; lastKnownFileType = text; path = scheduleDBSetup.txt; sourceTree = "<group>"; };
		4DA7B524172FCDC9004BAFED /* UIStickyView.h */ = {isa = PBXFileReference; fileEncoding = 4; lastKnownFileType = sourcecode.c.h; path = UIStickyView.h; sourceTree = "<group>"; };
		4DA7B525172FCDC9004BAFED /* UIStickyView.m */ = {isa = PBXFileReference; fileEncoding = 4; lastKnownFileType = sourcecode.c.objc; path = UIStickyView.m; sourceTree = "<group>"; };
		4DA7B528172FD659004BAFED /* SimpleDBManagerTest.h */ = {isa = PBXFileReference; fileEncoding = 4; lastKnownFileType = sourcecode.c.h; path = SimpleDBManagerTest.h; sourceTree = "<group>"; };
		4DA7B529172FD659004BAFED /* SimpleDBManagerTest.m */ = {isa = PBXFileReference; fileEncoding = 4; lastKnownFileType = sourcecode.c.objc; path = SimpleDBManagerTest.m; sourceTree = "<group>"; };
		4DA7B52F172FFB0F004BAFED /* UIStickyViewController.h */ = {isa = PBXFileReference; fileEncoding = 4; lastKnownFileType = sourcecode.c.h; path = UIStickyViewController.h; sourceTree = "<group>"; };
		4DA7B530172FFB0F004BAFED /* UIStickyViewController.m */ = {isa = PBXFileReference; fileEncoding = 4; lastKnownFileType = sourcecode.c.objc; path = UIStickyViewController.m; sourceTree = "<group>"; };
		4DA7B531172FFB0F004BAFED /* UIStickyViewController.xib */ = {isa = PBXFileReference; fileEncoding = 4; lastKnownFileType = file.xib; path = UIStickyViewController.xib; sourceTree = "<group>"; };
		4DA7B53417301064004BAFED /* QuartzCore.framework */ = {isa = PBXFileReference; lastKnownFileType = wrapper.framework; name = QuartzCore.framework; path = System/Library/Frameworks/QuartzCore.framework; sourceTree = SDKROOT; };
/* End PBXFileReference section */

/* Begin PBXFrameworksBuildPhase section */
		4DA12BE4172E0C9A004A1114 /* Frameworks */ = {
			isa = PBXFrameworksBuildPhase;
			buildActionMask = 2147483647;
			files = (
				4DA12C74172E1528004A1114 /* libsqlite3.0.dylib in Frameworks */,
				4DA12C72172E14FD004A1114 /* SystemConfiguration.framework in Frameworks */,
				4DA12C70172E14EF004A1114 /* Security.framework in Frameworks */,
				4DA12BEB172E0C9A004A1114 /* UIKit.framework in Frameworks */,
				4DA12BED172E0C9A004A1114 /* Foundation.framework in Frameworks */,
				4DA12BEF172E0C9A004A1114 /* CoreGraphics.framework in Frameworks */,
			);
			runOnlyForDeploymentPostprocessing = 0;
		};
		4DA12C09172E0C9A004A1114 /* Frameworks */ = {
			isa = PBXFrameworksBuildPhase;
			buildActionMask = 2147483647;
			files = (
				4DA7B53517301064004BAFED /* QuartzCore.framework in Frameworks */,
				4DA7B52D172FE8EE004BAFED /* SystemConfiguration.framework in Frameworks */,
				4DA7B52C172FE8E6004BAFED /* Security.framework in Frameworks */,
				4DA7B52B172FE8D7004BAFED /* libsqlite3.0.dylib in Frameworks */,
				4DA12C0F172E0C9B004A1114 /* SenTestingKit.framework in Frameworks */,
				4DA12C10172E0C9B004A1114 /* UIKit.framework in Frameworks */,
				4DA12C11172E0C9B004A1114 /* Foundation.framework in Frameworks */,
			);
			runOnlyForDeploymentPostprocessing = 0;
		};
/* End PBXFrameworksBuildPhase section */

/* Begin PBXGroup section */
		4DA12BDE172E0C9A004A1114 = {
			isa = PBXGroup;
			children = (
				4DA7B53417301064004BAFED /* QuartzCore.framework */,
				4DA12C73172E1528004A1114 /* libsqlite3.0.dylib */,
				4DA12C71172E14FD004A1114 /* SystemConfiguration.framework */,
				4DA12C6F172E14EF004A1114 /* Security.framework */,
				4DA12BF0172E0C9A004A1114 /* ScheduleConcierge */,
				4DA12C75172EC2E7004A1114 /* resources */,
				4DA12BF1172E0C9A004A1114 /* Supporting Files */,
				4DA12C14172E0C9B004A1114 /* ScheduleConciergeTests */,
				4DA12BE9172E0C9A004A1114 /* Frameworks */,
				4DA12BE8172E0C9A004A1114 /* Products */,
			);
			sourceTree = "<group>";
		};
		4DA12BE8172E0C9A004A1114 /* Products */ = {
			isa = PBXGroup;
			children = (
				4DA12BE7172E0C9A004A1114 /* ScheduleConcierge.app */,
				4DA12C0D172E0C9A004A1114 /* ScheduleConciergeTests.octest */,
			);
			name = Products;
			sourceTree = "<group>";
		};
		4DA12BE9172E0C9A004A1114 /* Frameworks */ = {
			isa = PBXGroup;
			children = (
				4DA12BEA172E0C9A004A1114 /* UIKit.framework */,
				4DA12BEC172E0C9A004A1114 /* Foundation.framework */,
				4DA12BEE172E0C9A004A1114 /* CoreGraphics.framework */,
				4DA12C0E172E0C9A004A1114 /* SenTestingKit.framework */,
			);
			name = Frameworks;
			sourceTree = "<group>";
		};
		4DA12BF0172E0C9A004A1114 /* ScheduleConcierge */ = {
			isa = PBXGroup;
			children = (
				4DA7B51C172FCD02004BAFED /* Interface */,
				4DA7B51D172FCD02004BAFED /* Logic */,
				4DA7B51E172FCD02004BAFED /* Object */,
				4DA12C4F172E1133004A1114 /* ExternalLibrary */,
				4DA12C46172E10EF004A1114 /* UserSetting */,
				4DA12C41172E10C8004A1114 /* File */,
				4DA12C25172E1098004A1114 /* DB */,
				4DA12BF9172E0C9A004A1114 /* AppDelegate.h */,
				4DA12BFA172E0C9A004A1114 /* AppDelegate.m */,
				4DA12C02172E0C9A004A1114 /* MainStoryboard.storyboard */,
				4DA12C05172E0C9A004A1114 /* ViewController.h */,
				4DA12C06172E0C9A004A1114 /* ViewController.m */,
			);
			path = ScheduleConcierge;
			sourceTree = "<group>";
		};
		4DA12BF1172E0C9A004A1114 /* Supporting Files */ = {
			isa = PBXGroup;
			children = (
				4DA12BF2172E0C9A004A1114 /* ScheduleConcierge-Info.plist */,
				4DA12BF3172E0C9A004A1114 /* InfoPlist.strings */,
				4DA12BF6172E0C9A004A1114 /* main.m */,
				4DA12BF8172E0C9A004A1114 /* ScheduleConcierge-Prefix.pch */,
				4DA12BFC172E0C9A004A1114 /* Default.png */,
				4DA12BFE172E0C9A004A1114 /* Default@2x.png */,
				4DA12C00172E0C9A004A1114 /* Default-568h@2x.png */,
			);
			name = "Supporting Files";
			path = ScheduleConcierge;
			sourceTree = "<group>";
		};
		4DA12C14172E0C9B004A1114 /* ScheduleConciergeTests */ = {
			isa = PBXGroup;
			children = (
				4DA7B527172FD63C004BAFED /* DB */,
				4DA12C1A172E0C9B004A1114 /* ScheduleConciergeTests.h */,
				4DA12C1B172E0C9B004A1114 /* ScheduleConciergeTests.m */,
				4DA12C15172E0C9B004A1114 /* Supporting Files */,
			);
			path = ScheduleConciergeTests;
			sourceTree = "<group>";
		};
		4DA12C15172E0C9B004A1114 /* Supporting Files */ = {
			isa = PBXGroup;
			children = (
				4DA12C16172E0C9B004A1114 /* ScheduleConciergeTests-Info.plist */,
				4DA12C17172E0C9B004A1114 /* InfoPlist.strings */,
			);
			name = "Supporting Files";
			sourceTree = "<group>";
		};
		4DA12C25172E1098004A1114 /* DB */ = {
			isa = PBXGroup;
			children = (
				4DA12C26172E1098004A1114 /* FMDatabase.h */,
				4DA12C27172E1098004A1114 /* FMDatabase.m */,
				4DA12C28172E1098004A1114 /* FMDatabaseAdditions.h */,
				4DA12C29172E1098004A1114 /* FMDatabaseAdditions.m */,
				4DA12C2A172E1098004A1114 /* FMDatabasePool.h */,
				4DA12C2B172E1098004A1114 /* FMDatabasePool.m */,
				4DA12C2C172E1098004A1114 /* FMDatabaseQueue.h */,
				4DA12C2D172E1098004A1114 /* FMDatabaseQueue.m */,
				4DA12C2E172E1098004A1114 /* FMResultSet.h */,
				4DA12C2F172E1098004A1114 /* FMResultSet.m */,
				4DA12C30172E1098004A1114 /* README */,
				4DA12C31172E1098004A1114 /* SimpleDBManager.h */,
				4DA12C32172E1098004A1114 /* SimpleDBManager.m */,
			);
			path = DB;
			sourceTree = "<group>";
		};
		4DA12C41172E10C8004A1114 /* File */ = {
			isa = PBXGroup;
			children = (
				4DA12C42172E10C8004A1114 /* FileUtil.h */,
				4DA12C43172E10C8004A1114 /* FileUtil.m */,
			);
			path = File;
			sourceTree = "<group>";
		};
		4DA12C46172E10EF004A1114 /* UserSetting */ = {
			isa = PBXGroup;
			children = (
				4DA12C58172E116B004A1114 /* NSString+Validate.h */,
				4DA12C59172E116B004A1114 /* NSString+Validate.m */,
				4DA12C49172E10EF004A1114 /* UserSettingUtil.h */,
				4DA12C4A172E10EF004A1114 /* UserSettingUtil.m */,
			);
			path = UserSetting;
			sourceTree = "<group>";
		};
		4DA12C4F172E1133004A1114 /* ExternalLibrary */ = {
			isa = PBXGroup;
			children = (
				4DA12C67172E1386004A1114 /* RegexKitLite */,
				4DA12C5C172E124E004A1114 /* SFHFKeychainUtils */,
			);
			path = ExternalLibrary;
			sourceTree = "<group>";
		};
		4DA12C5C172E124E004A1114 /* SFHFKeychainUtils */ = {
			isa = PBXGroup;
			children = (
				4DA12C5D172E124E004A1114 /* MIT-LICENSE */,
				4DA12C5E172E124E004A1114 /* ReadMe */,
				4DA12C5F172E124E004A1114 /* SFHFKeychainUtils.h */,
				4DA12C60172E124E004A1114 /* SFHFKeychainUtils.m */,
			);
			path = SFHFKeychainUtils;
			sourceTree = "<group>";
		};
		4DA12C67172E1386004A1114 /* RegexKitLite */ = {
			isa = PBXGroup;
			children = (
				4DA12C68172E1386004A1114 /* README */,
				4DA12C69172E1386004A1114 /* RegexKitLite.h */,
				4DA12C6A172E1386004A1114 /* RegexKitLite.m */,
			);
			path = RegexKitLite;
			sourceTree = "<group>";
		};
		4DA12C75172EC2E7004A1114 /* resources */ = {
			isa = PBXGroup;
			children = (
				4DA12C76172EC2E7004A1114 /* DB */,
			);
			path = resources;
			sourceTree = SOURCE_ROOT;
		};
		4DA12C76172EC2E7004A1114 /* DB */ = {
			isa = PBXGroup;
			children = (
				4DA12C7A172EC3E8004A1114 /* schema */,
				4DA12C77172EC2E7004A1114 /* schedule.sqlite */,
			);
			path = DB;
			sourceTree = "<group>";
		};
		4DA12C7A172EC3E8004A1114 /* schema */ = {
			isa = PBXGroup;
			children = (
				4DA12C7B172EC3E8004A1114 /* scheduleDBSetup.txt */,
			);
			path = schema;
			sourceTree = "<group>";
		};
		4DA7B51C172FCD02004BAFED /* Interface */ = {
			isa = PBXGroup;
			children = (
			);
			path = Interface;
			sourceTree = "<group>";
		};
		4DA7B51D172FCD02004BAFED /* Logic */ = {
			isa = PBXGroup;
			children = (
			);
			path = Logic;
			sourceTree = "<group>";
		};
		4DA7B51E172FCD02004BAFED /* Object */ = {
			isa = PBXGroup;
			children = (
				4DA7B52E172FFAEE004BAFED /* Controller */,
				4DA7B522172FCDC9004BAFED /* Model */,
				4DA7B523172FCDC9004BAFED /* View */,
			);
			path = Object;
			sourceTree = "<group>";
		};
		4DA7B522172FCDC9004BAFED /* Model */ = {
			isa = PBXGroup;
			children = (
			);
			path = Model;
			sourceTree = "<group>";
		};
		4DA7B523172FCDC9004BAFED /* View */ = {
			isa = PBXGroup;
			children = (
				4DA7B524172FCDC9004BAFED /* UIStickyView.h */,
				4DA7B525172FCDC9004BAFED /* UIStickyView.m */,
			);
			path = View;
			sourceTree = "<group>";
		};
		4DA7B527172FD63C004BAFED /* DB */ = {
			isa = PBXGroup;
			children = (
				4DA7B528172FD659004BAFED /* SimpleDBManagerTest.h */,
				4DA7B529172FD659004BAFED /* SimpleDBManagerTest.m */,
			);
			name = DB;
			sourceTree = "<group>";
		};
		4DA7B52E172FFAEE004BAFED /* Controller */ = {
			isa = PBXGroup;
			children = (
				4DA7B52F172FFB0F004BAFED /* UIStickyViewController.h */,
				4DA7B530172FFB0F004BAFED /* UIStickyViewController.m */,
				4DA7B531172FFB0F004BAFED /* UIStickyViewController.xib */,
			);
			path = Controller;
			sourceTree = "<group>";
		};
/* End PBXGroup section */

/* Begin PBXNativeTarget section */
		4DA12BE6172E0C9A004A1114 /* ScheduleConcierge */ = {
			isa = PBXNativeTarget;
			buildConfigurationList = 4DA12C1F172E0C9B004A1114 /* Build configuration list for PBXNativeTarget "ScheduleConcierge" */;
			buildPhases = (
				4DA12BE3172E0C9A004A1114 /* Sources */,
				4DA12BE4172E0C9A004A1114 /* Frameworks */,
				4DA12BE5172E0C9A004A1114 /* Resources */,
			);
			buildRules = (
			);
			dependencies = (
			);
			name = ScheduleConcierge;
			productName = ScheduleConcierge;
			productReference = 4DA12BE7172E0C9A004A1114 /* ScheduleConcierge.app */;
			productType = "com.apple.product-type.application";
		};
		4DA12C0C172E0C9A004A1114 /* ScheduleConciergeTests */ = {
			isa = PBXNativeTarget;
			buildConfigurationList = 4DA12C22172E0C9B004A1114 /* Build configuration list for PBXNativeTarget "ScheduleConciergeTests" */;
			buildPhases = (
				4DA12C08172E0C9A004A1114 /* Sources */,
				4DA12C09172E0C9A004A1114 /* Frameworks */,
				4DA12C0A172E0C9A004A1114 /* Resources */,
				4DA12C0B172E0C9A004A1114 /* ShellScript */,
			);
			buildRules = (
			);
			dependencies = (
				4DA12C13172E0C9B004A1114 /* PBXTargetDependency */,
			);
			name = ScheduleConciergeTests;
			productName = ScheduleConciergeTests;
			productReference = 4DA12C0D172E0C9A004A1114 /* ScheduleConciergeTests.octest */;
			productType = "com.apple.product-type.bundle";
		};
/* End PBXNativeTarget section */

/* Begin PBXProject section */
		4DA12BDF172E0C9A004A1114 /* Project object */ = {
			isa = PBXProject;
			attributes = {
				LastUpgradeCheck = 0460;
				ORGANIZATIONNAME = "高橋 勲";
			};
			buildConfigurationList = 4DA12BE2172E0C9A004A1114 /* Build configuration list for PBXProject "ScheduleConcierge" */;
			compatibilityVersion = "Xcode 3.2";
			developmentRegion = English;
			hasScannedForEncodings = 0;
			knownRegions = (
				en,
			);
			mainGroup = 4DA12BDE172E0C9A004A1114;
			productRefGroup = 4DA12BE8172E0C9A004A1114 /* Products */;
			projectDirPath = "";
			projectRoot = "";
			targets = (
				4DA12BE6172E0C9A004A1114 /* ScheduleConcierge */,
				4DA12C0C172E0C9A004A1114 /* ScheduleConciergeTests */,
			);
		};
/* End PBXProject section */

/* Begin PBXResourcesBuildPhase section */
		4DA12BE5172E0C9A004A1114 /* Resources */ = {
			isa = PBXResourcesBuildPhase;
			buildActionMask = 2147483647;
			files = (
				4DA12BF5172E0C9A004A1114 /* InfoPlist.strings in Resources */,
				4DA12BFD172E0C9A004A1114 /* Default.png in Resources */,
				4DA12BFF172E0C9A004A1114 /* Default@2x.png in Resources */,
				4DA12C01172E0C9A004A1114 /* Default-568h@2x.png in Resources */,
				4DA12C04172E0C9A004A1114 /* MainStoryboard.storyboard in Resources */,
				4DA12C3D172E1098004A1114 /* README in Resources */,
				4DA12C61172E124E004A1114 /* MIT-LICENSE in Resources */,
				4DA12C63172E124E004A1114 /* ReadMe in Resources */,
				4DA12C6B172E1386004A1114 /* README in Resources */,
				4DA12C78172EC2E7004A1114 /* schedule.sqlite in Resources */,
				4DA12C7C172EC3E8004A1114 /* scheduleDBSetup.txt in Resources */,
				4DA7B533172FFB0F004BAFED /* UIStickyViewController.xib in Resources */,
			);
			runOnlyForDeploymentPostprocessing = 0;
		};
		4DA12C0A172E0C9A004A1114 /* Resources */ = {
			isa = PBXResourcesBuildPhase;
			buildActionMask = 2147483647;
			files = (
				4DA12C19172E0C9B004A1114 /* InfoPlist.strings in Resources */,
				4DA12C3E172E1098004A1114 /* README in Resources */,
				4DA12C62172E124E004A1114 /* MIT-LICENSE in Resources */,
				4DA12C64172E124E004A1114 /* ReadMe in Resources */,
				4DA12C6C172E1386004A1114 /* README in Resources */,
				4DA12C79172EC2E7004A1114 /* schedule.sqlite in Resources */,
				4DA12C7D172EC3E8004A1114 /* scheduleDBSetup.txt in Resources */,
			);
			runOnlyForDeploymentPostprocessing = 0;
		};
/* End PBXResourcesBuildPhase section */

/* Begin PBXShellScriptBuildPhase section */
		4DA12C0B172E0C9A004A1114 /* ShellScript */ = {
			isa = PBXShellScriptBuildPhase;
			buildActionMask = 2147483647;
			files = (
			);
			inputPaths = (
			);
			outputPaths = (
			);
			runOnlyForDeploymentPostprocessing = 0;
			shellPath = /bin/sh;
			shellScript = "# Run the unit tests in this test bundle.\n\"${SYSTEM_DEVELOPER_DIR}/Tools/RunUnitTests\"\n";
		};
/* End PBXShellScriptBuildPhase section */

/* Begin PBXSourcesBuildPhase section */
		4DA12BE3172E0C9A004A1114 /* Sources */ = {
			isa = PBXSourcesBuildPhase;
			buildActionMask = 2147483647;
			files = (
				4DA12BF7172E0C9A004A1114 /* main.m in Sources */,
				4DA12BFB172E0C9A004A1114 /* AppDelegate.m in Sources */,
				4DA12C07172E0C9A004A1114 /* ViewController.m in Sources */,
				4DA12C33172E1098004A1114 /* FMDatabase.m in Sources */,
				4DA12C35172E1098004A1114 /* FMDatabaseAdditions.m in Sources */,
				4DA12C37172E1098004A1114 /* FMDatabasePool.m in Sources */,
				4DA12C39172E1098004A1114 /* FMDatabaseQueue.m in Sources */,
				4DA12C3B172E1098004A1114 /* FMResultSet.m in Sources */,
				4DA12C3F172E1098004A1114 /* SimpleDBManager.m in Sources */,
				4DA12C44172E10C8004A1114 /* FileUtil.m in Sources */,
				4DA12C4D172E10EF004A1114 /* UserSettingUtil.m in Sources */,
				4DA12C5A172E116B004A1114 /* NSString+Validate.m in Sources */,
				4DA12C65172E124E004A1114 /* SFHFKeychainUtils.m in Sources */,
				4DA12C6D172E1386004A1114 /* RegexKitLite.m in Sources */,
				4DA7B526172FCDC9004BAFED /* UIStickyView.m in Sources */,
				4DA7B532172FFB0F004BAFED /* UIStickyViewController.m in Sources */,
			);
			runOnlyForDeploymentPostprocessing = 0;
		};
		4DA12C08172E0C9A004A1114 /* Sources */ = {
			isa = PBXSourcesBuildPhase;
			buildActionMask = 2147483647;
			files = (
				4DA12C1C172E0C9B004A1114 /* ScheduleConciergeTests.m in Sources */,
				4DA12C34172E1098004A1114 /* FMDatabase.m in Sources */,
				4DA12C36172E1098004A1114 /* FMDatabaseAdditions.m in Sources */,
				4DA12C38172E1098004A1114 /* FMDatabasePool.m in Sources */,
				4DA12C3A172E1098004A1114 /* FMDatabaseQueue.m in Sources */,
				4DA12C3C172E1098004A1114 /* FMResultSet.m in Sources */,
				4DA12C40172E1098004A1114 /* SimpleDBManager.m in Sources */,
				4DA12C45172E10C8004A1114 /* FileUtil.m in Sources */,
				4DA12C4E172E10EF004A1114 /* UserSettingUtil.m in Sources */,
				4DA12C5B172E116B004A1114 /* NSString+Validate.m in Sources */,
				4DA12C66172E124E004A1114 /* SFHFKeychainUtils.m in Sources */,
				4DA12C6E172E1386004A1114 /* RegexKitLite.m in Sources */,
				4DA7B52A172FD659004BAFED /* SimpleDBManagerTest.m in Sources */,
			);
			runOnlyForDeploymentPostprocessing = 0;
		};
/* End PBXSourcesBuildPhase section */

/* Begin PBXTargetDependency section */
		4DA12C13172E0C9B004A1114 /* PBXTargetDependency */ = {
			isa = PBXTargetDependency;
			target = 4DA12BE6172E0C9A004A1114 /* ScheduleConcierge */;
			targetProxy = 4DA12C12172E0C9B004A1114 /* PBXContainerItemProxy */;
		};
/* End PBXTargetDependency section */

/* Begin PBXVariantGroup section */
		4DA12BF3172E0C9A004A1114 /* InfoPlist.strings */ = {
			isa = PBXVariantGroup;
			children = (
				4DA12BF4172E0C9A004A1114 /* en */,
			);
			name = InfoPlist.strings;
			sourceTree = "<group>";
		};
		4DA12C02172E0C9A004A1114 /* MainStoryboard.storyboard */ = {
			isa = PBXVariantGroup;
			children = (
				4DA12C03172E0C9A004A1114 /* en */,
			);
			name = MainStoryboard.storyboard;
			sourceTree = "<group>";
		};
		4DA12C17172E0C9B004A1114 /* InfoPlist.strings */ = {
			isa = PBXVariantGroup;
			children = (
				4DA12C18172E0C9B004A1114 /* en */,
			);
			name = InfoPlist.strings;
			sourceTree = "<group>";
		};
/* End PBXVariantGroup section */

/* Begin XCBuildConfiguration section */
		4DA12C1D172E0C9B004A1114 /* Debug */ = {
			isa = XCBuildConfiguration;
			buildSettings = {
				ALWAYS_SEARCH_USER_PATHS = NO;
				CLANG_CXX_LANGUAGE_STANDARD = "gnu++0x";
				CLANG_CXX_LIBRARY = "libc++";
				CLANG_ENABLE_OBJC_ARC = YES;
				CLANG_WARN_CONSTANT_CONVERSION = YES;
				CLANG_WARN_EMPTY_BODY = YES;
				CLANG_WARN_ENUM_CONVERSION = YES;
				CLANG_WARN_INT_CONVERSION = YES;
				CLANG_WARN__DUPLICATE_METHOD_MATCH = YES;
				"CODE_SIGN_IDENTITY[sdk=iphoneos*]" = "iPhone Developer";
				COPY_PHASE_STRIP = NO;
				GCC_C_LANGUAGE_STANDARD = gnu99;
				GCC_DYNAMIC_NO_PIC = NO;
				GCC_OPTIMIZATION_LEVEL = 0;
				GCC_PREPROCESSOR_DEFINITIONS = (
					"DEBUG=1",
					"$(inherited)",
				);
				GCC_SYMBOLS_PRIVATE_EXTERN = NO;
				GCC_WARN_ABOUT_RETURN_TYPE = YES;
				GCC_WARN_UNINITIALIZED_AUTOS = YES;
				GCC_WARN_UNUSED_VARIABLE = YES;
				IPHONEOS_DEPLOYMENT_TARGET = 6.1;
				ONLY_ACTIVE_ARCH = YES;
				SDKROOT = iphoneos;
				TARGETED_DEVICE_FAMILY = 2;
			};
			name = Debug;
		};
		4DA12C1E172E0C9B004A1114 /* Release */ = {
			isa = XCBuildConfiguration;
			buildSettings = {
				ALWAYS_SEARCH_USER_PATHS = NO;
				CLANG_CXX_LANGUAGE_STANDARD = "gnu++0x";
				CLANG_CXX_LIBRARY = "libc++";
				CLANG_ENABLE_OBJC_ARC = YES;
				CLANG_WARN_CONSTANT_CONVERSION = YES;
				CLANG_WARN_EMPTY_BODY = YES;
				CLANG_WARN_ENUM_CONVERSION = YES;
				CLANG_WARN_INT_CONVERSION = YES;
				CLANG_WARN__DUPLICATE_METHOD_MATCH = YES;
				"CODE_SIGN_IDENTITY[sdk=iphoneos*]" = "iPhone Developer";
				COPY_PHASE_STRIP = YES;
				GCC_C_LANGUAGE_STANDARD = gnu99;
				GCC_WARN_ABOUT_RETURN_TYPE = YES;
				GCC_WARN_UNINITIALIZED_AUTOS = YES;
				GCC_WARN_UNUSED_VARIABLE = YES;
				IPHONEOS_DEPLOYMENT_TARGET = 6.1;
				OTHER_CFLAGS = "-DNS_BLOCK_ASSERTIONS=1";
				SDKROOT = iphoneos;
				TARGETED_DEVICE_FAMILY = 2;
				VALIDATE_PRODUCT = YES;
			};
			name = Release;
		};
		4DA12C20172E0C9B004A1114 /* Debug */ = {
			isa = XCBuildConfiguration;
			buildSettings = {
				GCC_PRECOMPILE_PREFIX_HEADER = YES;
				GCC_PREFIX_HEADER = "ScheduleConcierge/ScheduleConcierge-Prefix.pch";
				INFOPLIST_FILE = "ScheduleConcierge/ScheduleConcierge-Info.plist";
				"OTHER_LDFLAGS[arch=*]" = "-licucore";
				PRODUCT_NAME = "$(TARGET_NAME)";
				WRAPPER_EXTENSION = app;
			};
			name = Debug;
		};
		4DA12C21172E0C9B004A1114 /* Release */ = {
			isa = XCBuildConfiguration;
			buildSettings = {
				GCC_PRECOMPILE_PREFIX_HEADER = YES;
				GCC_PREFIX_HEADER = "ScheduleConcierge/ScheduleConcierge-Prefix.pch";
				INFOPLIST_FILE = "ScheduleConcierge/ScheduleConcierge-Info.plist";
				"OTHER_LDFLAGS[arch=*]" = "-licucore";
				PRODUCT_NAME = "$(TARGET_NAME)";
				WRAPPER_EXTENSION = app;
			};
			name = Release;
		};
		4DA12C23172E0C9B004A1114 /* Debug */ = {
			isa = XCBuildConfiguration;
			buildSettings = {
				BUNDLE_LOADER = "$(BUILT_PRODUCTS_DIR)/ScheduleConcierge.app/ScheduleConcierge";
				FRAMEWORK_SEARCH_PATHS = (
					"\"$(SDKROOT)/Developer/Library/Frameworks\"",
					"\"$(DEVELOPER_LIBRARY_DIR)/Frameworks\"",
				);
				GCC_PRECOMPILE_PREFIX_HEADER = YES;
				GCC_PREFIX_HEADER = "ScheduleConcierge/ScheduleConcierge-Prefix.pch";
				INFOPLIST_FILE = "ScheduleConciergeTests/ScheduleConciergeTests-Info.plist";
				"OTHER_LDFLAGS[arch=*]" = "-licucore";
				PRODUCT_NAME = "$(TARGET_NAME)";
				TEST_HOST = "$(BUNDLE_LOADER)";
				WRAPPER_EXTENSION = octest;
			};
			name = Debug;
		};
		4DA12C24172E0C9B004A1114 /* Release */ = {
			isa = XCBuildConfiguration;
			buildSettings = {
				BUNDLE_LOADER = "$(BUILT_PRODUCTS_DIR)/ScheduleConcierge.app/ScheduleConcierge";
				FRAMEWORK_SEARCH_PATHS = (
					"\"$(SDKROOT)/Developer/Library/Frameworks\"",
					"\"$(DEVELOPER_LIBRARY_DIR)/Frameworks\"",
				);
				GCC_PRECOMPILE_PREFIX_HEADER = YES;
				GCC_PREFIX_HEADER = "ScheduleConcierge/ScheduleConcierge-Prefix.pch";
				INFOPLIST_FILE = "ScheduleConciergeTests/ScheduleConciergeTests-Info.plist";
				"OTHER_LDFLAGS[arch=*]" = "-licucore";
				PRODUCT_NAME = "$(TARGET_NAME)";
				TEST_HOST = "$(BUNDLE_LOADER)";
				WRAPPER_EXTENSION = octest;
			};
			name = Release;
		};
/* End XCBuildConfiguration section */

/* Begin XCConfigurationList section */
		4DA12BE2172E0C9A004A1114 /* Build configuration list for PBXProject "ScheduleConcierge" */ = {
			isa = XCConfigurationList;
			buildConfigurations = (
				4DA12C1D172E0C9B004A1114 /* Debug */,
				4DA12C1E172E0C9B004A1114 /* Release */,
			);
			defaultConfigurationIsVisible = 0;
			defaultConfigurationName = Release;
		};
		4DA12C1F172E0C9B004A1114 /* Build configuration list for PBXNativeTarget "ScheduleConcierge" */ = {
			isa = XCConfigurationList;
			buildConfigurations = (
				4DA12C20172E0C9B004A1114 /* Debug */,
				4DA12C21172E0C9B004A1114 /* Release */,
			);
			defaultConfigurationIsVisible = 0;
			defaultConfigurationName = Release;
		};
		4DA12C22172E0C9B004A1114 /* Build configuration list for PBXNativeTarget "ScheduleConciergeTests" */ = {
			isa = XCConfigurationList;
			buildConfigurations = (
				4DA12C23172E0C9B004A1114 /* Debug */,
				4DA12C24172E0C9B004A1114 /* Release */,
			);
			defaultConfigurationIsVisible = 0;
			defaultConfigurationName = Release;
		};
/* End XCConfigurationList section */
	};
	rootObject = 4DA12BDF172E0C9A004A1114 /* Project object */;
}
